
Microsoft Visual Studio Solution File, Format Version 12.00
# Visual Studio Version 17
VisualStudioVersion = 17.9.34414.90
MinimumVisualStudioVersion = 10.0.40219.1
Project("{2150E333-8FDC-42A3-9474-1A3956D46DE8}") = "Solution Items", "Solution Items", "{2B2161A8-A76B-4241-AB50-E4978EE3B97F}"
	ProjectSection(SolutionItems) = preProject
		README.md = README.md
	EndProjectSection
EndProject
Project("{9A19103F-16F7-4668-BE54-9A1E7A4F7556}") = "MultiTenant.AspNetCore.Tests", "test\MultiTenant.AspNetCore.Tests.csproj", "{D742483E-F944-41AC-8025-6F27A826C1C9}"
EndProject
Project("{9A19103F-16F7-4668-BE54-9A1E7A4F7556}") = "MultiTenant.AspNetCore", "src\MultiTenant.AspNetCore.csproj", "{9E27ACCE-2584-4F0D-8718-BAB4D1FB6F3E}"
EndProject
Global
	GlobalSection(SolutionConfigurationPlatforms) = preSolution
		Debug|Any CPU = Debug|Any CPU
		Release|Any CPU = Release|Any CPU
	EndGlobalSection
	GlobalSection(ProjectConfigurationPlatforms) = postSolution
		{D742483E-F944-41AC-8025-6F27A826C1C9}.Debug|Any CPU.ActiveCfg = Debug|Any CPU
		{D742483E-F944-41AC-8025-6F27A826C1C9}.Debug|Any CPU.Build.0 = Debug|Any CPU
		{D742483E-F944-41AC-8025-6F27A826C1C9}.Release|Any CPU.ActiveCfg = Release|Any CPU
		{D742483E-F944-41AC-8025-6F27A826C1C9}.Release|Any CPU.Build.0 = Release|Any CPU
		{9E27ACCE-2584-4F0D-8718-BAB4D1FB6F3E}.Debug|Any CPU.ActiveCfg = Debug|Any CPU
		{9E27ACCE-2584-4F0D-8718-BAB4D1FB6F3E}.Debug|Any CPU.Build.0 = Debug|Any CPU
		{9E27ACCE-2584-4F0D-8718-BAB4D1FB6F3E}.Release|Any CPU.ActiveCfg = Release|Any CPU
		{9E27ACCE-2584-4F0D-8718-BAB4D1FB6F3E}.Release|Any CPU.Build.0 = Release|Any CPU
	EndGlobalSection
	GlobalSection(SolutionProperties) = preSolution
		HideSolutionNode = FALSE
	EndGlobalSection
	GlobalSection(ExtensibilityGlobals) = postSolution
		SolutionGuid = {C8BA5CC3-4B51-4F54-9078-BCE80C2DC2ED}
	EndGlobalSection
EndGlobal
